
Microsoft Visual Studio Solution File, Format Version 12.00
# Visual Studio Version 17
VisualStudioVersion = 17.6.33829.357
MinimumVisualStudioVersion = 10.0.40219.1
Project("{FAE04EC0-301F-11D3-BF4B-00C04F79EFBC}") = "Api", "Api\Api.csproj", "{DD5143D5-56E8-41D0-A302-6D2988EFEA19}"
EndProject
Global
	GlobalSection(SolutionConfigurationPlatforms) = preSolution
		Debug|Any CPU = Debug|Any CPU
		Release|Any CPU = Release|Any CPU
	EndGlobalSection
	GlobalSection(ProjectConfigurationPlatforms) = postSolution
		{DD5143D5-56E8-41D0-A302-6D2988EFEA19}.Debug|Any CPU.ActiveCfg = Debug|Any CPU
		{DD5143D5-56E8-41D0-A302-6D2988EFEA19}.Debug|Any CPU.Build.0 = Debug|Any CPU
		{DD5143D5-56E8-41D0-A302-6D2988EFEA19}.Release|Any CPU.ActiveCfg = Release|Any CPU
		{DD5143D5-56E8-41D0-A302-6D2988EFEA19}.Release|Any CPU.Build.0 = Release|Any CPU
	EndGlobalSection
	GlobalSection(SolutionProperties) = preSolution
		HideSolutionNode = FALSE
	EndGlobalSection
	GlobalSection(ExtensibilityGlobals) = postSolution
		SolutionGuid = {6D39767D-8F86-45C7-BC3A-C507C7450477}
	EndGlobalSection
EndGlobal
